
Microsoft Visual Studio Solution File, Format Version 12.00
# Visual Studio Version 17
VisualStudioVersion = 17.6.33829.357
MinimumVisualStudioVersion = 10.0.40219.1
Project("{9A19103F-16F7-4668-BE54-9A1E7A4F7556}") = "GamarraPlus", "GamarraPlus\GamarraPlus.csproj", "{645AB540-50B2-4552-93E1-ACADBC6C364B}"
EndProject
Global
	GlobalSection(SolutionConfigurationPlatforms) = preSolution
		Debug|Any CPU = Debug|Any CPU
		Release|Any CPU = Release|Any CPU
	EndGlobalSection
	GlobalSection(ProjectConfigurationPlatforms) = postSolution
		{645AB540-50B2-4552-93E1-ACADBC6C364B}.Debug|Any CPU.ActiveCfg = Debug|Any CPU
		{645AB540-50B2-4552-93E1-ACADBC6C364B}.Debug|Any CPU.Build.0 = Debug|Any CPU
		{645AB540-50B2-4552-93E1-ACADBC6C364B}.Release|Any CPU.ActiveCfg = Release|Any CPU
		{645AB540-50B2-4552-93E1-ACADBC6C364B}.Release|Any CPU.Build.0 = Release|Any CPU
	EndGlobalSection
	GlobalSection(SolutionProperties) = preSolution
		HideSolutionNode = FALSE
	EndGlobalSection
	GlobalSection(ExtensibilityGlobals) = postSolution
		SolutionGuid = {C0F7E8CF-3F07-40BA-9679-9E73FAAE930C}
	EndGlobalSection
EndGlobal
